
Microsoft Visual Studio Solution File, Format Version 12.00
# Visual Studio Version 16
VisualStudioVersion = 16.0.28803.352
MinimumVisualStudioVersion = 10.0.40219.1
Project("{FAE04EC0-301F-11D3-BF4B-00C04F79EFBC}") = "WorkRoslynCodeGen", "WorkRoslynCodeGen\WorkRoslynCodeGen.csproj", "{3CD68C20-2EA3-449E-8A2E-718273B99FE1}"
EndProject
Project("{FAE04EC0-301F-11D3-BF4B-00C04F79EFBC}") = "WorkRoslynCodeGen.Generators", "WorkRoslynCodeGen.Generators\WorkRoslynCodeGen.Generators.csproj", "{4CB37929-0CD7-4D3C-ADE6-C19869FBC2B5}"
EndProject
Project("{FAE04EC0-301F-11D3-BF4B-00C04F79EFBC}") = "WorkRoslynCodeGen.Library", "WorkRoslynCodeGen.Library\WorkRoslynCodeGen.Library.csproj", "{8F9EE3DF-C294-4DA6-8546-5F20EABA34BE}"
EndProject
Global
	GlobalSection(SolutionConfigurationPlatforms) = preSolution
		Debug|Any CPU = Debug|Any CPU
		Release|Any CPU = Release|Any CPU
	EndGlobalSection
	GlobalSection(ProjectConfigurationPlatforms) = postSolution
		{3CD68C20-2EA3-449E-8A2E-718273B99FE1}.Debug|Any CPU.ActiveCfg = Debug|Any CPU
		{3CD68C20-2EA3-449E-8A2E-718273B99FE1}.Debug|Any CPU.Build.0 = Debug|Any CPU
		{3CD68C20-2EA3-449E-8A2E-718273B99FE1}.Release|Any CPU.ActiveCfg = Release|Any CPU
		{3CD68C20-2EA3-449E-8A2E-718273B99FE1}.Release|Any CPU.Build.0 = Release|Any CPU
		{4CB37929-0CD7-4D3C-ADE6-C19869FBC2B5}.Debug|Any CPU.ActiveCfg = Debug|Any CPU
		{4CB37929-0CD7-4D3C-ADE6-C19869FBC2B5}.Debug|Any CPU.Build.0 = Debug|Any CPU
		{4CB37929-0CD7-4D3C-ADE6-C19869FBC2B5}.Release|Any CPU.ActiveCfg = Release|Any CPU
		{4CB37929-0CD7-4D3C-ADE6-C19869FBC2B5}.Release|Any CPU.Build.0 = Release|Any CPU
		{8F9EE3DF-C294-4DA6-8546-5F20EABA34BE}.Debug|Any CPU.ActiveCfg = Debug|Any CPU
		{8F9EE3DF-C294-4DA6-8546-5F20EABA34BE}.Debug|Any CPU.Build.0 = Debug|Any CPU
		{8F9EE3DF-C294-4DA6-8546-5F20EABA34BE}.Release|Any CPU.ActiveCfg = Release|Any CPU
		{8F9EE3DF-C294-4DA6-8546-5F20EABA34BE}.Release|Any CPU.Build.0 = Release|Any CPU
	EndGlobalSection
	GlobalSection(SolutionProperties) = preSolution
		HideSolutionNode = FALSE
	EndGlobalSection
	GlobalSection(ExtensibilityGlobals) = postSolution
		SolutionGuid = {C4824529-09D6-450F-A7B6-F22EC9322931}
	EndGlobalSection
EndGlobal
