
Microsoft Visual Studio Solution File, Format Version 12.00
# Visual Studio Version 16
VisualStudioVersion = 16.0.29102.190
MinimumVisualStudioVersion = 10.0.40219.1
Project("{FAE04EC0-301F-11D3-BF4B-00C04F79EFBC}") = "WorkSemanticDump", "WorkSemanticDump\WorkSemanticDump.csproj", "{D4A930B6-D949-4C27-B2E4-85AC25264351}"
EndProject
Project("{FAE04EC0-301F-11D3-BF4B-00C04F79EFBC}") = "WorkSemanticDump.Target", "WorkSemanticDump.Target\WorkSemanticDump.Target.csproj", "{26B2C11F-77D9-4976-96F1-B95566992DBC}"
EndProject
Project("{FAE04EC0-301F-11D3-BF4B-00C04F79EFBC}") = "WorkSemanticDump.Infrastructure", "WorkSemanticDump.Infrastructure\WorkSemanticDump.Infrastructure.csproj", "{FD8AB170-3776-4205-B56B-AC0FD111E3C2}"
EndProject
Global
	GlobalSection(SolutionConfigurationPlatforms) = preSolution
		Debug|Any CPU = Debug|Any CPU
		Release|Any CPU = Release|Any CPU
	EndGlobalSection
	GlobalSection(ProjectConfigurationPlatforms) = postSolution
		{D4A930B6-D949-4C27-B2E4-85AC25264351}.Debug|Any CPU.ActiveCfg = Debug|Any CPU
		{D4A930B6-D949-4C27-B2E4-85AC25264351}.Debug|Any CPU.Build.0 = Debug|Any CPU
		{D4A930B6-D949-4C27-B2E4-85AC25264351}.Release|Any CPU.ActiveCfg = Release|Any CPU
		{D4A930B6-D949-4C27-B2E4-85AC25264351}.Release|Any CPU.Build.0 = Release|Any CPU
		{26B2C11F-77D9-4976-96F1-B95566992DBC}.Debug|Any CPU.ActiveCfg = Debug|Any CPU
		{26B2C11F-77D9-4976-96F1-B95566992DBC}.Debug|Any CPU.Build.0 = Debug|Any CPU
		{26B2C11F-77D9-4976-96F1-B95566992DBC}.Release|Any CPU.ActiveCfg = Release|Any CPU
		{26B2C11F-77D9-4976-96F1-B95566992DBC}.Release|Any CPU.Build.0 = Release|Any CPU
		{FD8AB170-3776-4205-B56B-AC0FD111E3C2}.Debug|Any CPU.ActiveCfg = Debug|Any CPU
		{FD8AB170-3776-4205-B56B-AC0FD111E3C2}.Debug|Any CPU.Build.0 = Debug|Any CPU
		{FD8AB170-3776-4205-B56B-AC0FD111E3C2}.Release|Any CPU.ActiveCfg = Release|Any CPU
		{FD8AB170-3776-4205-B56B-AC0FD111E3C2}.Release|Any CPU.Build.0 = Release|Any CPU
	EndGlobalSection
	GlobalSection(SolutionProperties) = preSolution
		HideSolutionNode = FALSE
	EndGlobalSection
	GlobalSection(ExtensibilityGlobals) = postSolution
		SolutionGuid = {DB86FCC8-35B6-401E-80F4-1F7A096F4E0C}
	EndGlobalSection
EndGlobal
