
Microsoft Visual Studio Solution File, Format Version 12.00
# Visual Studio 15
VisualStudioVersion = 15.0.27130.2010
MinimumVisualStudioVersion = 10.0.40219.1
Project("{FAE04EC0-301F-11D3-BF4B-00C04F79EFBC}") = "WorkReflection", "WorkReflection\WorkReflection.csproj", "{50F981CA-8BAD-400C-ACD1-25533493A53E}"
EndProject
Project("{9A19103F-16F7-4668-BE54-9A1E7A4F7556}") = "Smart.Reflection.Generative", "Smart.Reflection.Generative\Smart.Reflection.Generative.csproj", "{F3CF06DD-45BA-4905-A83A-AB55FB497F4B}"
EndProject
Global
	GlobalSection(SolutionConfigurationPlatforms) = preSolution
		Debug|Any CPU = Debug|Any CPU
		Release|Any CPU = Release|Any CPU
	EndGlobalSection
	GlobalSection(ProjectConfigurationPlatforms) = postSolution
		{50F981CA-8BAD-400C-ACD1-25533493A53E}.Debug|Any CPU.ActiveCfg = Debug|Any CPU
		{50F981CA-8BAD-400C-ACD1-25533493A53E}.Debug|Any CPU.Build.0 = Debug|Any CPU
		{50F981CA-8BAD-400C-ACD1-25533493A53E}.Release|Any CPU.ActiveCfg = Release|Any CPU
		{50F981CA-8BAD-400C-ACD1-25533493A53E}.Release|Any CPU.Build.0 = Release|Any CPU
		{F3CF06DD-45BA-4905-A83A-AB55FB497F4B}.Debug|Any CPU.ActiveCfg = Debug|Any CPU
		{F3CF06DD-45BA-4905-A83A-AB55FB497F4B}.Debug|Any CPU.Build.0 = Debug|Any CPU
		{F3CF06DD-45BA-4905-A83A-AB55FB497F4B}.Release|Any CPU.ActiveCfg = Release|Any CPU
		{F3CF06DD-45BA-4905-A83A-AB55FB497F4B}.Release|Any CPU.Build.0 = Release|Any CPU
	EndGlobalSection
	GlobalSection(SolutionProperties) = preSolution
		HideSolutionNode = FALSE
	EndGlobalSection
	GlobalSection(ExtensibilityGlobals) = postSolution
		SolutionGuid = {CE52BB92-5351-41B4-AEE0-0EFAA36D7141}
	EndGlobalSection
EndGlobal
