
Microsoft Visual Studio Solution File, Format Version 12.00
# Visual Studio Version 16
VisualStudioVersion = 16.0.31321.278
MinimumVisualStudioVersion = 10.0.40219.1
Project("{FAE04EC0-301F-11D3-BF4B-00C04F79EFBC}") = "WorkTemplate", "WorkTemplate\WorkTemplate.csproj", "{8497EC27-4422-4616-8C03-99D7B3D3238E}"
EndProject
Project("{FAE04EC0-301F-11D3-BF4B-00C04F79EFBC}") = "WorkTemplateLibrary", "WorkTemplateLibrary\WorkTemplateLibrary.csproj", "{FDB61FE0-CDD6-4C85-97C3-5B67887DAD7E}"
EndProject
Global
	GlobalSection(SolutionConfigurationPlatforms) = preSolution
		Debug|Any CPU = Debug|Any CPU
		Release|Any CPU = Release|Any CPU
	EndGlobalSection
	GlobalSection(ProjectConfigurationPlatforms) = postSolution
		{8497EC27-4422-4616-8C03-99D7B3D3238E}.Debug|Any CPU.ActiveCfg = Debug|Any CPU
		{8497EC27-4422-4616-8C03-99D7B3D3238E}.Debug|Any CPU.Build.0 = Debug|Any CPU
		{8497EC27-4422-4616-8C03-99D7B3D3238E}.Release|Any CPU.ActiveCfg = Release|Any CPU
		{8497EC27-4422-4616-8C03-99D7B3D3238E}.Release|Any CPU.Build.0 = Release|Any CPU
		{FDB61FE0-CDD6-4C85-97C3-5B67887DAD7E}.Debug|Any CPU.ActiveCfg = Debug|Any CPU
		{FDB61FE0-CDD6-4C85-97C3-5B67887DAD7E}.Debug|Any CPU.Build.0 = Debug|Any CPU
		{FDB61FE0-CDD6-4C85-97C3-5B67887DAD7E}.Release|Any CPU.ActiveCfg = Release|Any CPU
		{FDB61FE0-CDD6-4C85-97C3-5B67887DAD7E}.Release|Any CPU.Build.0 = Release|Any CPU
	EndGlobalSection
	GlobalSection(SolutionProperties) = preSolution
		HideSolutionNode = FALSE
	EndGlobalSection
	GlobalSection(ExtensibilityGlobals) = postSolution
		SolutionGuid = {B2928CF1-044B-4AE4-9A2D-7D194E4806F4}
	EndGlobalSection
EndGlobal
