
Microsoft Visual Studio Solution File, Format Version 12.00
# Visual Studio 15
VisualStudioVersion = 15.0.28307.271
MinimumVisualStudioVersion = 10.0.40219.1
Project("{FAE04EC0-301F-11D3-BF4B-00C04F79EFBC}") = "WorkLibBuildalyzer", "WorkLibBuildalyzer\WorkLibBuildalyzer.csproj", "{431549DA-4507-460C-8949-C9F15F75F878}"
EndProject
Project("{FAE04EC0-301F-11D3-BF4B-00C04F79EFBC}") = "TargetProject.Core", "TargetProject.Core\TargetProject.Core.csproj", "{48432864-C9BD-4709-8502-A09D445677BD}"
EndProject
Project("{FAE04EC0-301F-11D3-BF4B-00C04F79EFBC}") = "TargetProject.Infrastructure", "TargetProject.Infrastructure\TargetProject.Infrastructure.csproj", "{6E671613-020A-4346-8B6D-440B2DA121EC}"
EndProject
Global
	GlobalSection(SolutionConfigurationPlatforms) = preSolution
		Debug|Any CPU = Debug|Any CPU
		Release|Any CPU = Release|Any CPU
	EndGlobalSection
	GlobalSection(ProjectConfigurationPlatforms) = postSolution
		{431549DA-4507-460C-8949-C9F15F75F878}.Debug|Any CPU.ActiveCfg = Debug|Any CPU
		{431549DA-4507-460C-8949-C9F15F75F878}.Debug|Any CPU.Build.0 = Debug|Any CPU
		{431549DA-4507-460C-8949-C9F15F75F878}.Release|Any CPU.ActiveCfg = Release|Any CPU
		{431549DA-4507-460C-8949-C9F15F75F878}.Release|Any CPU.Build.0 = Release|Any CPU
		{48432864-C9BD-4709-8502-A09D445677BD}.Debug|Any CPU.ActiveCfg = Debug|Any CPU
		{48432864-C9BD-4709-8502-A09D445677BD}.Debug|Any CPU.Build.0 = Debug|Any CPU
		{48432864-C9BD-4709-8502-A09D445677BD}.Release|Any CPU.ActiveCfg = Release|Any CPU
		{48432864-C9BD-4709-8502-A09D445677BD}.Release|Any CPU.Build.0 = Release|Any CPU
		{6E671613-020A-4346-8B6D-440B2DA121EC}.Debug|Any CPU.ActiveCfg = Debug|Any CPU
		{6E671613-020A-4346-8B6D-440B2DA121EC}.Debug|Any CPU.Build.0 = Debug|Any CPU
		{6E671613-020A-4346-8B6D-440B2DA121EC}.Release|Any CPU.ActiveCfg = Release|Any CPU
		{6E671613-020A-4346-8B6D-440B2DA121EC}.Release|Any CPU.Build.0 = Release|Any CPU
	EndGlobalSection
	GlobalSection(SolutionProperties) = preSolution
		HideSolutionNode = FALSE
	EndGlobalSection
	GlobalSection(ExtensibilityGlobals) = postSolution
		SolutionGuid = {AE4DF152-E00B-4E40-8E41-1EC1FDE2229B}
	EndGlobalSection
EndGlobal
