
Microsoft Visual Studio Solution File, Format Version 12.00
# Visual Studio 15
VisualStudioVersion = 15.0.27703.2026
MinimumVisualStudioVersion = 10.0.40219.1
Project("{9A19103F-16F7-4668-BE54-9A1E7A4F7556}") = "CompileBasicTest", "CompileBasicTest\CompileBasicTest.csproj", "{483459ED-0CDD-43BE-966A-01FE5D158B8E}"
EndProject
Global
	GlobalSection(SolutionConfigurationPlatforms) = preSolution
		Debug|Any CPU = Debug|Any CPU
		Release|Any CPU = Release|Any CPU
	EndGlobalSection
	GlobalSection(ProjectConfigurationPlatforms) = postSolution
		{483459ED-0CDD-43BE-966A-01FE5D158B8E}.Debug|Any CPU.ActiveCfg = Debug|Any CPU
		{483459ED-0CDD-43BE-966A-01FE5D158B8E}.Debug|Any CPU.Build.0 = Debug|Any CPU
		{483459ED-0CDD-43BE-966A-01FE5D158B8E}.Release|Any CPU.ActiveCfg = Release|Any CPU
		{483459ED-0CDD-43BE-966A-01FE5D158B8E}.Release|Any CPU.Build.0 = Release|Any CPU
	EndGlobalSection
	GlobalSection(SolutionProperties) = preSolution
		HideSolutionNode = FALSE
	EndGlobalSection
	GlobalSection(ExtensibilityGlobals) = postSolution
		SolutionGuid = {D39FF567-A7EB-44C9-90F7-E23EAFCD5F53}
	EndGlobalSection
EndGlobal
