
Microsoft Visual Studio Solution File, Format Version 12.00
# Visual Studio Version 16
VisualStudioVersion = 16.0.29123.88
MinimumVisualStudioVersion = 10.0.40219.1
Project("{FAE04EC0-301F-11D3-BF4B-00C04F79EFBC}") = "WorkContext", "WorkContext\WorkContext.csproj", "{AB191A2B-31DE-4695-AD33-29D525E76F7B}"
EndProject
Global
	GlobalSection(SolutionConfigurationPlatforms) = preSolution
		Debug|Any CPU = Debug|Any CPU
		Release|Any CPU = Release|Any CPU
	EndGlobalSection
	GlobalSection(ProjectConfigurationPlatforms) = postSolution
		{AB191A2B-31DE-4695-AD33-29D525E76F7B}.Debug|Any CPU.ActiveCfg = Debug|Any CPU
		{AB191A2B-31DE-4695-AD33-29D525E76F7B}.Debug|Any CPU.Build.0 = Debug|Any CPU
		{AB191A2B-31DE-4695-AD33-29D525E76F7B}.Release|Any CPU.ActiveCfg = Release|Any CPU
		{AB191A2B-31DE-4695-AD33-29D525E76F7B}.Release|Any CPU.Build.0 = Release|Any CPU
	EndGlobalSection
	GlobalSection(SolutionProperties) = preSolution
		HideSolutionNode = FALSE
	EndGlobalSection
	GlobalSection(ExtensibilityGlobals) = postSolution
		SolutionGuid = {DC98B6CE-2E20-42B3-A987-DB1024BECE6D}
	EndGlobalSection
EndGlobal
