
Microsoft Visual Studio Solution File, Format Version 12.00
# Visual Studio 15
VisualStudioVersion = 15.0.27130.2010
MinimumVisualStudioVersion = 10.0.40219.1
Project("{9A19103F-16F7-4668-BE54-9A1E7A4F7556}") = "Smart.Reflection.Generative", "Smart.Reflection.Generative\Smart.Reflection.Generative.csproj", "{6E7FD3FD-CEF9-4FFC-8A2F-19ACF7663D99}"
EndProject
Project("{9A19103F-16F7-4668-BE54-9A1E7A4F7556}") = "Smart.Reflection.Generative.CodeGenerator", "Smart.Reflection.Generative.CodeGenerator\Smart.Reflection.Generative.CodeGenerator.csproj", "{0B46C84C-73A3-4E1E-B88B-E79B7BC57B15}"
EndProject
Project("{9A19103F-16F7-4668-BE54-9A1E7A4F7556}") = "Smart.Reflection.Generative.Tests", "Smart.Reflection.Generative.Tests\Smart.Reflection.Generative.Tests.csproj", "{DFF6BC2D-EE01-4887-B16B-F56AFA544484}"
EndProject
Project("{2150E333-8FDC-42A3-9474-1A3956D46DE8}") = "Solution Items", "Solution Items", "{559CA19D-FC53-4812-B886-F916A2C30D95}"
	ProjectSection(SolutionItems) = preProject
		build.bat = build.bat
		Smart.Reflection.Generative.nuspec = Smart.Reflection.Generative.nuspec
		Smart.Reflection.Generative.sln.DotSettings = Smart.Reflection.Generative.sln.DotSettings
		Smart.ruleset = Smart.ruleset
		Usa.Smart.Reflection.Generative.targets = Usa.Smart.Reflection.Generative.targets
	EndProjectSection
EndProject
Project("{2150E333-8FDC-42A3-9474-1A3956D46DE8}") = "Reflection", "Reflection", "{C5710721-6937-4A71-AFF0-3AE3DF112D07}"
EndProject
Global
	GlobalSection(SolutionConfigurationPlatforms) = preSolution
		Debug|Any CPU = Debug|Any CPU
		Release|Any CPU = Release|Any CPU
	EndGlobalSection
	GlobalSection(ProjectConfigurationPlatforms) = postSolution
		{6E7FD3FD-CEF9-4FFC-8A2F-19ACF7663D99}.Debug|Any CPU.ActiveCfg = Debug|Any CPU
		{6E7FD3FD-CEF9-4FFC-8A2F-19ACF7663D99}.Debug|Any CPU.Build.0 = Debug|Any CPU
		{6E7FD3FD-CEF9-4FFC-8A2F-19ACF7663D99}.Release|Any CPU.ActiveCfg = Release|Any CPU
		{6E7FD3FD-CEF9-4FFC-8A2F-19ACF7663D99}.Release|Any CPU.Build.0 = Release|Any CPU
		{0B46C84C-73A3-4E1E-B88B-E79B7BC57B15}.Debug|Any CPU.ActiveCfg = Debug|Any CPU
		{0B46C84C-73A3-4E1E-B88B-E79B7BC57B15}.Debug|Any CPU.Build.0 = Debug|Any CPU
		{0B46C84C-73A3-4E1E-B88B-E79B7BC57B15}.Release|Any CPU.ActiveCfg = Release|Any CPU
		{0B46C84C-73A3-4E1E-B88B-E79B7BC57B15}.Release|Any CPU.Build.0 = Release|Any CPU
		{DFF6BC2D-EE01-4887-B16B-F56AFA544484}.Debug|Any CPU.ActiveCfg = Debug|Any CPU
		{DFF6BC2D-EE01-4887-B16B-F56AFA544484}.Debug|Any CPU.Build.0 = Debug|Any CPU
		{DFF6BC2D-EE01-4887-B16B-F56AFA544484}.Release|Any CPU.ActiveCfg = Release|Any CPU
		{DFF6BC2D-EE01-4887-B16B-F56AFA544484}.Release|Any CPU.Build.0 = Release|Any CPU
	EndGlobalSection
	GlobalSection(SolutionProperties) = preSolution
		HideSolutionNode = FALSE
	EndGlobalSection
	GlobalSection(NestedProjects) = preSolution
		{6E7FD3FD-CEF9-4FFC-8A2F-19ACF7663D99} = {C5710721-6937-4A71-AFF0-3AE3DF112D07}
		{0B46C84C-73A3-4E1E-B88B-E79B7BC57B15} = {C5710721-6937-4A71-AFF0-3AE3DF112D07}
		{DFF6BC2D-EE01-4887-B16B-F56AFA544484} = {C5710721-6937-4A71-AFF0-3AE3DF112D07}
	EndGlobalSection
	GlobalSection(ExtensibilityGlobals) = postSolution
		SolutionGuid = {CE52BB92-5351-41B4-AEE0-0EFAA36D7141}
	EndGlobalSection
EndGlobal
