
Microsoft Visual Studio Solution File, Format Version 12.00
# Visual Studio 15
VisualStudioVersion = 15.0.27703.2026
MinimumVisualStudioVersion = 10.0.40219.1
Project("{FAE04EC0-301F-11D3-BF4B-00C04F79EFBC}") = "CompileExtend.Example", "CompileExtend.Example\CompileExtend.Example.csproj", "{C64BB98C-3936-4F71-9A7C-3412996DABB6}"
EndProject
Project("{FAE04EC0-301F-11D3-BF4B-00C04F79EFBC}") = "CompileExtend.Library", "CompileExtend.Library\CompileExtend.Library.csproj", "{819CFA32-AA57-4DA0-9F8F-2A5F78048771}"
EndProject
Global
	GlobalSection(SolutionConfigurationPlatforms) = preSolution
		Debug|Any CPU = Debug|Any CPU
		Release|Any CPU = Release|Any CPU
	EndGlobalSection
	GlobalSection(ProjectConfigurationPlatforms) = postSolution
		{C64BB98C-3936-4F71-9A7C-3412996DABB6}.Debug|Any CPU.ActiveCfg = Debug|Any CPU
		{C64BB98C-3936-4F71-9A7C-3412996DABB6}.Debug|Any CPU.Build.0 = Debug|Any CPU
		{C64BB98C-3936-4F71-9A7C-3412996DABB6}.Release|Any CPU.ActiveCfg = Release|Any CPU
		{C64BB98C-3936-4F71-9A7C-3412996DABB6}.Release|Any CPU.Build.0 = Release|Any CPU
		{819CFA32-AA57-4DA0-9F8F-2A5F78048771}.Debug|Any CPU.ActiveCfg = Debug|Any CPU
		{819CFA32-AA57-4DA0-9F8F-2A5F78048771}.Debug|Any CPU.Build.0 = Debug|Any CPU
		{819CFA32-AA57-4DA0-9F8F-2A5F78048771}.Release|Any CPU.ActiveCfg = Release|Any CPU
		{819CFA32-AA57-4DA0-9F8F-2A5F78048771}.Release|Any CPU.Build.0 = Release|Any CPU
	EndGlobalSection
	GlobalSection(SolutionProperties) = preSolution
		HideSolutionNode = FALSE
	EndGlobalSection
	GlobalSection(ExtensibilityGlobals) = postSolution
		SolutionGuid = {9C471067-1753-4180-9CD2-86A38258E4CC}
	EndGlobalSection
EndGlobal
