
Microsoft Visual Studio Solution File, Format Version 12.00
# Visual Studio Version 16
VisualStudioVersion = 16.0.28803.202
MinimumVisualStudioVersion = 10.0.40219.1
Project("{FAE04EC0-301F-11D3-BF4B-00C04F79EFBC}") = "WorkFody", "WorkFody\WorkFody.csproj", "{B92EA8EB-5680-4641-A4D7-FCFDE3434CBC}"
EndProject
Project("{FAE04EC0-301F-11D3-BF4B-00C04F79EFBC}") = "WorkCecil", "WorkCecil\WorkCecil.csproj", "{BB604B88-6BC0-4CCD-B520-5D4C607C0DCF}"
EndProject
Project("{FAE04EC0-301F-11D3-BF4B-00C04F79EFBC}") = "WorkRoslynCodeGen", "WorkRoslynCodeGen\WorkRoslynCodeGen.csproj", "{55EB0AA3-CF19-451B-AAC8-273C9505DFAA}"
EndProject
Global
	GlobalSection(SolutionConfigurationPlatforms) = preSolution
		Debug|Any CPU = Debug|Any CPU
		Release|Any CPU = Release|Any CPU
	EndGlobalSection
	GlobalSection(ProjectConfigurationPlatforms) = postSolution
		{B92EA8EB-5680-4641-A4D7-FCFDE3434CBC}.Debug|Any CPU.ActiveCfg = Debug|Any CPU
		{B92EA8EB-5680-4641-A4D7-FCFDE3434CBC}.Debug|Any CPU.Build.0 = Debug|Any CPU
		{B92EA8EB-5680-4641-A4D7-FCFDE3434CBC}.Release|Any CPU.ActiveCfg = Release|Any CPU
		{B92EA8EB-5680-4641-A4D7-FCFDE3434CBC}.Release|Any CPU.Build.0 = Release|Any CPU
		{BB604B88-6BC0-4CCD-B520-5D4C607C0DCF}.Debug|Any CPU.ActiveCfg = Debug|Any CPU
		{BB604B88-6BC0-4CCD-B520-5D4C607C0DCF}.Debug|Any CPU.Build.0 = Debug|Any CPU
		{BB604B88-6BC0-4CCD-B520-5D4C607C0DCF}.Release|Any CPU.ActiveCfg = Release|Any CPU
		{BB604B88-6BC0-4CCD-B520-5D4C607C0DCF}.Release|Any CPU.Build.0 = Release|Any CPU
		{55EB0AA3-CF19-451B-AAC8-273C9505DFAA}.Debug|Any CPU.ActiveCfg = Debug|Any CPU
		{55EB0AA3-CF19-451B-AAC8-273C9505DFAA}.Debug|Any CPU.Build.0 = Debug|Any CPU
		{55EB0AA3-CF19-451B-AAC8-273C9505DFAA}.Release|Any CPU.ActiveCfg = Release|Any CPU
		{55EB0AA3-CF19-451B-AAC8-273C9505DFAA}.Release|Any CPU.Build.0 = Release|Any CPU
	EndGlobalSection
	GlobalSection(SolutionProperties) = preSolution
		HideSolutionNode = FALSE
	EndGlobalSection
	GlobalSection(ExtensibilityGlobals) = postSolution
		SolutionGuid = {8C27B51F-F2E8-45F4-BCDB-1165B0C6DAC4}
	EndGlobalSection
EndGlobal
