
Microsoft Visual Studio Solution File, Format Version 12.00
# Visual Studio Version 16
VisualStudioVersion = 16.0.29102.190
MinimumVisualStudioVersion = 10.0.40219.1
Project("{9A19103F-16F7-4668-BE54-9A1E7A4F7556}") = "WorkTask.Generator.Core", "WorkTask.Generator.Core\WorkTask.Generator.Core.csproj", "{5A50F08C-058D-469C-B4D3-FF4F4D5DA61F}"
EndProject
Project("{9A19103F-16F7-4668-BE54-9A1E7A4F7556}") = "WorkTask.Generator.Task", "WorkTask.Generator.Task\WorkTask.Generator.Task.csproj", "{F49EAE67-470D-4E9B-AA4F-1F2171D3479B}"
EndProject
Project("{9A19103F-16F7-4668-BE54-9A1E7A4F7556}") = "WorkTask.Library", "WorkTask.Library\WorkTask.Library.csproj", "{B82BB4A7-6AC7-4339-B144-873FEA3E71DA}"
EndProject
Project("{9A19103F-16F7-4668-BE54-9A1E7A4F7556}") = "WorkTask.Target", "WorkTask.Target\WorkTask.Target.csproj", "{636B0DFB-89E3-427E-B76A-F624CC62286B}"
EndProject
Project("{9A19103F-16F7-4668-BE54-9A1E7A4F7556}") = "WorkTask.Target.Client", "WorkTask.Target.Client\WorkTask.Target.Client.csproj", "{88CAC342-EEB0-4656-AB80-58D15314C9C1}"
EndProject
Project("{9A19103F-16F7-4668-BE54-9A1E7A4F7556}") = "WorkTask.Work", "WorkTask.Work\WorkTask.Work.csproj", "{53DAC299-04A9-44EF-86DE-3EFC259A694A}"
EndProject
Project("{9A19103F-16F7-4668-BE54-9A1E7A4F7556}") = "WorkAssembly", "WorkAssembly\WorkAssembly.csproj", "{897FE076-520D-45FD-A24F-E0414B5DBE5F}"
	ProjectSection(ProjectDependencies) = postProject
		{802396E2-03FD-4F21-A39F-74D96D914849} = {802396E2-03FD-4F21-A39F-74D96D914849}
	EndProjectSection
EndProject
Project("{FAE04EC0-301F-11D3-BF4B-00C04F79EFBC}") = "WorkAssembly.Target", "WorkAssembly.Target\WorkAssembly.Target.csproj", "{802396E2-03FD-4F21-A39F-74D96D914849}"
EndProject
Project("{FAE04EC0-301F-11D3-BF4B-00C04F79EFBC}") = "WorkAssembly.Library", "WorkAssembly.Library\WorkAssembly.Library.csproj", "{CA65E293-46CD-48FD-944B-C092DA69771F}"
EndProject
Global
	GlobalSection(SolutionConfigurationPlatforms) = preSolution
		Debug|Any CPU = Debug|Any CPU
		Release|Any CPU = Release|Any CPU
	EndGlobalSection
	GlobalSection(ProjectConfigurationPlatforms) = postSolution
		{5A50F08C-058D-469C-B4D3-FF4F4D5DA61F}.Debug|Any CPU.ActiveCfg = Debug|Any CPU
		{5A50F08C-058D-469C-B4D3-FF4F4D5DA61F}.Debug|Any CPU.Build.0 = Debug|Any CPU
		{5A50F08C-058D-469C-B4D3-FF4F4D5DA61F}.Release|Any CPU.ActiveCfg = Release|Any CPU
		{5A50F08C-058D-469C-B4D3-FF4F4D5DA61F}.Release|Any CPU.Build.0 = Release|Any CPU
		{F49EAE67-470D-4E9B-AA4F-1F2171D3479B}.Debug|Any CPU.ActiveCfg = Debug|Any CPU
		{F49EAE67-470D-4E9B-AA4F-1F2171D3479B}.Debug|Any CPU.Build.0 = Debug|Any CPU
		{F49EAE67-470D-4E9B-AA4F-1F2171D3479B}.Release|Any CPU.ActiveCfg = Release|Any CPU
		{F49EAE67-470D-4E9B-AA4F-1F2171D3479B}.Release|Any CPU.Build.0 = Release|Any CPU
		{B82BB4A7-6AC7-4339-B144-873FEA3E71DA}.Debug|Any CPU.ActiveCfg = Debug|Any CPU
		{B82BB4A7-6AC7-4339-B144-873FEA3E71DA}.Debug|Any CPU.Build.0 = Debug|Any CPU
		{B82BB4A7-6AC7-4339-B144-873FEA3E71DA}.Release|Any CPU.ActiveCfg = Release|Any CPU
		{B82BB4A7-6AC7-4339-B144-873FEA3E71DA}.Release|Any CPU.Build.0 = Release|Any CPU
		{636B0DFB-89E3-427E-B76A-F624CC62286B}.Debug|Any CPU.ActiveCfg = Debug|Any CPU
		{636B0DFB-89E3-427E-B76A-F624CC62286B}.Debug|Any CPU.Build.0 = Debug|Any CPU
		{636B0DFB-89E3-427E-B76A-F624CC62286B}.Release|Any CPU.ActiveCfg = Release|Any CPU
		{636B0DFB-89E3-427E-B76A-F624CC62286B}.Release|Any CPU.Build.0 = Release|Any CPU
		{88CAC342-EEB0-4656-AB80-58D15314C9C1}.Debug|Any CPU.ActiveCfg = Debug|Any CPU
		{88CAC342-EEB0-4656-AB80-58D15314C9C1}.Debug|Any CPU.Build.0 = Debug|Any CPU
		{88CAC342-EEB0-4656-AB80-58D15314C9C1}.Release|Any CPU.ActiveCfg = Release|Any CPU
		{88CAC342-EEB0-4656-AB80-58D15314C9C1}.Release|Any CPU.Build.0 = Release|Any CPU
		{53DAC299-04A9-44EF-86DE-3EFC259A694A}.Debug|Any CPU.ActiveCfg = Debug|Any CPU
		{53DAC299-04A9-44EF-86DE-3EFC259A694A}.Debug|Any CPU.Build.0 = Debug|Any CPU
		{53DAC299-04A9-44EF-86DE-3EFC259A694A}.Release|Any CPU.ActiveCfg = Release|Any CPU
		{53DAC299-04A9-44EF-86DE-3EFC259A694A}.Release|Any CPU.Build.0 = Release|Any CPU
		{897FE076-520D-45FD-A24F-E0414B5DBE5F}.Debug|Any CPU.ActiveCfg = Debug|Any CPU
		{897FE076-520D-45FD-A24F-E0414B5DBE5F}.Debug|Any CPU.Build.0 = Debug|Any CPU
		{897FE076-520D-45FD-A24F-E0414B5DBE5F}.Release|Any CPU.ActiveCfg = Release|Any CPU
		{897FE076-520D-45FD-A24F-E0414B5DBE5F}.Release|Any CPU.Build.0 = Release|Any CPU
		{802396E2-03FD-4F21-A39F-74D96D914849}.Debug|Any CPU.ActiveCfg = Release|Any CPU
		{802396E2-03FD-4F21-A39F-74D96D914849}.Debug|Any CPU.Build.0 = Release|Any CPU
		{802396E2-03FD-4F21-A39F-74D96D914849}.Release|Any CPU.ActiveCfg = Release|Any CPU
		{802396E2-03FD-4F21-A39F-74D96D914849}.Release|Any CPU.Build.0 = Release|Any CPU
		{CA65E293-46CD-48FD-944B-C092DA69771F}.Debug|Any CPU.ActiveCfg = Debug|Any CPU
		{CA65E293-46CD-48FD-944B-C092DA69771F}.Debug|Any CPU.Build.0 = Debug|Any CPU
		{CA65E293-46CD-48FD-944B-C092DA69771F}.Release|Any CPU.ActiveCfg = Release|Any CPU
		{CA65E293-46CD-48FD-944B-C092DA69771F}.Release|Any CPU.Build.0 = Release|Any CPU
	EndGlobalSection
	GlobalSection(SolutionProperties) = preSolution
		HideSolutionNode = FALSE
	EndGlobalSection
	GlobalSection(ExtensibilityGlobals) = postSolution
		SolutionGuid = {B1B4B8F6-6DFA-48AA-B887-3281801FD3D6}
	EndGlobalSection
EndGlobal
